
Microsoft Visual Studio Solution File, Format Version 12.00
# Visual Studio 15
VisualStudioVersion = 15.0.28010.2003
MinimumVisualStudioVersion = 10.0.40219.1
Project("{FAE04EC0-301F-11D3-BF4B-00C04F79EFBC}") = "Calculator", "Calculator\Calculator.csproj", "{13951809-9C31-4546-9A0A-B1796B1FE4E4}"
EndProject
Global
	GlobalSection(SolutionConfigurationPlatforms) = preSolution
		Debug|Any CPU = Debug|Any CPU
		Release|Any CPU = Release|Any CPU
	EndGlobalSection
	GlobalSection(ProjectConfigurationPlatforms) = postSolution
		{13951809-9C31-4546-9A0A-B1796B1FE4E4}.Debug|Any CPU.ActiveCfg = Debug|Any CPU
		{13951809-9C31-4546-9A0A-B1796B1FE4E4}.Debug|Any CPU.Build.0 = Debug|Any CPU
		{13951809-9C31-4546-9A0A-B1796B1FE4E4}.Release|Any CPU.ActiveCfg = Release|Any CPU
		{13951809-9C31-4546-9A0A-B1796B1FE4E4}.Release|Any CPU.Build.0 = Release|Any CPU
	EndGlobalSection
	GlobalSection(SolutionProperties) = preSolution
		HideSolutionNode = FALSE
	EndGlobalSection
	GlobalSection(ExtensibilityGlobals) = postSolution
		SolutionGuid = {037A1AD8-29C9-4D5D-AFD7-2DA46742C5BB}
	EndGlobalSection
EndGlobal
